<Solution>
  <Folder Name="/solution/">
    <File Path="Directory.Build.props" />
    <File Path="Directory.Build.targets" />
    <File Path="Directory.Packages.props" />
    <File Path="global.json" />
    <File Path="nuget.config" />
    <File Path="README.md" />
  </Folder>
  <Folder Name="/src/">
    <Project Path="src/AvantiPoint.Aspire.Hosting.Cloudflare/AvantiPoint.Aspire.Hosting.Cloudflare.csproj" />
    <Project Path="src/AvantiPoint.Aspire.Hosting.Cloudflare.R2/AvantiPoint.Aspire.Hosting.Cloudflare.R2.csproj" />
    <Project Path="src/AvantiPoint.Aspire.Hosting.Cloudflare.Pages/AvantiPoint.Aspire.Hosting.Cloudflare.Pages.csproj" />
    <Project Path="src/AvantiPoint.Aspire.Cloudflare.R2/AvantiPoint.Aspire.Cloudflare.R2.csproj" />
    <Project Path="src/AvantiPoint.Aspire.Hosting.Cloudflare.D1/AvantiPoint.Aspire.Hosting.Cloudflare.D1.csproj" />
    <Project Path="src/AvantiPoint.Aspire.Cloudflare.D1/AvantiPoint.Aspire.Cloudflare.D1.csproj" />
    <Project Path="src/AvantiPoint.Aspire.Hosting.Cloudflare.AI/AvantiPoint.Aspire.Hosting.Cloudflare.AI.csproj" />
    <Project Path="src/AvantiPoint.Aspire.Cloudflare.AI/AvantiPoint.Aspire.Cloudflare.AI.csproj" />
    <Project Path="src/AvantiPoint.Aspire.Hosting.Cloudflare.Vectorize/AvantiPoint.Aspire.Hosting.Cloudflare.Vectorize.csproj" />
    <Project Path="src/AvantiPoint.Aspire.Cloudflare.Vectorize/AvantiPoint.Aspire.Cloudflare.Vectorize.csproj" />
    <Project Path="src/AvantiPoint.Aspire.Hosting.Extensions/AvantiPoint.Aspire.Hosting.Extensions.csproj" />
  </Folder>
  <Folder Name="/tests/">
    <Project Path="tests/AvantiPoint.Aspire.Hosting.Cloudflare.Tests/AvantiPoint.Aspire.Hosting.Cloudflare.Tests.csproj" />
    <Project Path="tests/AvantiPoint.Aspire.Hosting.Cloudflare.R2.Tests/AvantiPoint.Aspire.Hosting.Cloudflare.R2.Tests.csproj" />
    <Project Path="tests/AvantiPoint.Aspire.Hosting.Cloudflare.Pages.Tests/AvantiPoint.Aspire.Hosting.Cloudflare.Pages.Tests.csproj" />
    <Project Path="tests/AvantiPoint.Aspire.Hosting.Cloudflare.D1.Tests/AvantiPoint.Aspire.Hosting.Cloudflare.D1.Tests.csproj" />
    <Project Path="tests/AvantiPoint.Aspire.Hosting.Cloudflare.AI.Tests/AvantiPoint.Aspire.Hosting.Cloudflare.AI.Tests.csproj" />
    <Project Path="tests/AvantiPoint.Aspire.Hosting.Cloudflare.Vectorize.Tests/AvantiPoint.Aspire.Hosting.Cloudflare.Vectorize.Tests.csproj" />
    <Project Path="tests/AvantiPoint.Aspire.Hosting.Cloudflare.IntegrationTests/AvantiPoint.Aspire.Hosting.Cloudflare.IntegrationTests.csproj" />
    <Project Path="tests/AvantiPoint.Aspire.Hosting.Extensions.Tests/AvantiPoint.Aspire.Hosting.Extensions.Tests.csproj" />
  </Folder>
  <Folder Name="/samples/">
    <Project Path="samples/playground/CloudflarePlayground.AppHost/CloudflarePlayground.AppHost.csproj" />
    <Project Path="samples/playground/CloudflarePlayground.Api/CloudflarePlayground.Api.csproj" />
    <Project Path="samples/playground/CloudflarePlayground.Seeder/CloudflarePlayground.Seeder.csproj" />
  </Folder>
</Solution>
